{
  "name": "vue-graph-visual",
  "version": "1.0.0",
  "lockfileVersion": 2,
  "requires": true,
  "packages": {
    "": {
      "version": "1.0.0",
      "license": "MIT",
      "dependencies": {
        "@svgdotjs/svg.draggable.js": "^3.0.2",
        "@svgdotjs/svg.js": "^3.0.16",
        "svgjs": "^2.6.2"
      }
    },
    "node_modules/@svgdotjs/svg.draggable.js": {
      "version": "3.0.2",
      "resolved": "https://registry.npmjs.org/@svgdotjs/svg.draggable.js/-/svg.draggable.js-3.0.2.tgz",
      "integrity": "sha512-yqCJe/w1q3IK51zRiqB42rsvQHyX5oqg/Eck02TDRhRv+pQ7sSHJfdyljiGkqoFW4i/1sIpnqYmiLDeM12Nhsw==",
      "dependencies": {
        "@svgdotjs/svg.js": "^3.0.10"
      },
      "engines": {
        "node": ">= 0.8.0"
      }
    },
    "node_modules/@svgdotjs/svg.js": {
      "version": "3.0.16",
      "resolved": "https://registry.npmjs.org/@svgdotjs/svg.js/-/svg.js-3.0.16.tgz",
      "integrity": "sha512-yZ4jfP/SeLHEnCi9PIrzienKCrA4vW9+jm5uUV3N5DG2e9zgXLY5FgywK2u8/gMFIeKO0HuqTLFFfWJj+MfMLA=="
    },
    "node_modules/svgjs": {
      "version": "2.6.2",
      "resolved": "https://registry.npmjs.org/svgjs/-/svgjs-2.6.2.tgz",
      "integrity": "sha1-Ox6o+7VRSLsifsBXR/wr+JpGWr4="
    }
  },
  "dependencies": {
    "@svgdotjs/svg.draggable.js": {
      "version": "3.0.2",
      "resolved": "https://registry.npmjs.org/@svgdotjs/svg.draggable.js/-/svg.draggable.js-3.0.2.tgz",
      "integrity": "sha512-yqCJe/w1q3IK51zRiqB42rsvQHyX5oqg/Eck02TDRhRv+pQ7sSHJfdyljiGkqoFW4i/1sIpnqYmiLDeM12Nhsw==",
      "requires": {
        "@svgdotjs/svg.js": "^3.0.10"
      }
    },
    "@svgdotjs/svg.js": {
      "version": "3.0.16",
      "resolved": "https://registry.npmjs.org/@svgdotjs/svg.js/-/svg.js-3.0.16.tgz",
      "integrity": "sha512-yZ4jfP/SeLHEnCi9PIrzienKCrA4vW9+jm5uUV3N5DG2e9zgXLY5FgywK2u8/gMFIeKO0HuqTLFFfWJj+MfMLA=="
    },
    "svgjs": {
      "version": "2.6.2",
      "resolved": "https://registry.npmjs.org/svgjs/-/svgjs-2.6.2.tgz",
      "integrity": "sha1-Ox6o+7VRSLsifsBXR/wr+JpGWr4="
    }
  }
}
